
Microsoft Visual Studio Solution File, Format Version 12.00
# Visual Studio 15
VisualStudioVersion = 15.0.28307.1209
MinimumVisualStudioVersion = 10.0.40219.1
Project("{FAE04EC0-301F-11D3-BF4B-00C04F79EFBC}") = "ReplaceText_De_Para", "ReplaceText_De_Para\ReplaceText_De_Para.csproj", "{CFEAB915-54F8-4DE1-8C5C-6F22EA3E4D20}"
EndProject
Global
	GlobalSection(SolutionConfigurationPlatforms) = preSolution
		Debug|Any CPU = Debug|Any CPU
		Release|Any CPU = Release|Any CPU
	EndGlobalSection
	GlobalSection(ProjectConfigurationPlatforms) = postSolution
		{CFEAB915-54F8-4DE1-8C5C-6F22EA3E4D20}.Debug|Any CPU.ActiveCfg = Debug|Any CPU
		{CFEAB915-54F8-4DE1-8C5C-6F22EA3E4D20}.Debug|Any CPU.Build.0 = Debug|Any CPU
		{CFEAB915-54F8-4DE1-8C5C-6F22EA3E4D20}.Release|Any CPU.ActiveCfg = Release|Any CPU
		{CFEAB915-54F8-4DE1-8C5C-6F22EA3E4D20}.Release|Any CPU.Build.0 = Release|Any CPU
	EndGlobalSection
	GlobalSection(SolutionProperties) = preSolution
		HideSolutionNode = FALSE
	EndGlobalSection
	GlobalSection(ExtensibilityGlobals) = postSolution
		SolutionGuid = {68D297D1-0C71-4087-BC7B-B24C2AACA59E}
	EndGlobalSection
EndGlobal
